
Microsoft Visual Studio Solution File, Format Version 12.00
# Visual Studio Version 16
VisualStudioVersion = 16.0.29001.49
MinimumVisualStudioVersion = 10.0.40219.1
Project("{FAE04EC0-301F-11D3-BF4B-00C04F79EFBC}") = "KellyTestWeb", "KellyTestWeb\KellyTestWeb.csproj", "{30316023-EF0C-461F-8430-DF6515AD5F96}"
EndProject
Project("{FAE04EC0-301F-11D3-BF4B-00C04F79EFBC}") = "KellyTestModel", "KellyTestModel\KellyTestModel.csproj", "{380D910A-7821-4492-94F0-BE550B3A8E9A}"
EndProject
Project("{FAE04EC0-301F-11D3-BF4B-00C04F79EFBC}") = "KellyTestCommon", "KellyTestCommon\KellyTestCommon.csproj", "{BE8315C7-2F6E-4ECC-8E98-13A5279277AD}"
EndProject
Project("{FAE04EC0-301F-11D3-BF4B-00C04F79EFBC}") = "KellyTestApi", "KellyTestApi\KellyTestApi.csproj", "{A11121AA-29E1-4CA6-9B56-2222181C3679}"
EndProject
Global
	GlobalSection(SolutionConfigurationPlatforms) = preSolution
		Debug|Any CPU = Debug|Any CPU
		Release|Any CPU = Release|Any CPU
	EndGlobalSection
	GlobalSection(ProjectConfigurationPlatforms) = postSolution
		{30316023-EF0C-461F-8430-DF6515AD5F96}.Debug|Any CPU.ActiveCfg = Debug|Any CPU
		{30316023-EF0C-461F-8430-DF6515AD5F96}.Debug|Any CPU.Build.0 = Debug|Any CPU
		{30316023-EF0C-461F-8430-DF6515AD5F96}.Release|Any CPU.ActiveCfg = Release|Any CPU
		{30316023-EF0C-461F-8430-DF6515AD5F96}.Release|Any CPU.Build.0 = Release|Any CPU
		{380D910A-7821-4492-94F0-BE550B3A8E9A}.Debug|Any CPU.ActiveCfg = Debug|Any CPU
		{380D910A-7821-4492-94F0-BE550B3A8E9A}.Debug|Any CPU.Build.0 = Debug|Any CPU
		{380D910A-7821-4492-94F0-BE550B3A8E9A}.Release|Any CPU.ActiveCfg = Release|Any CPU
		{380D910A-7821-4492-94F0-BE550B3A8E9A}.Release|Any CPU.Build.0 = Release|Any CPU
		{BE8315C7-2F6E-4ECC-8E98-13A5279277AD}.Debug|Any CPU.ActiveCfg = Debug|Any CPU
		{BE8315C7-2F6E-4ECC-8E98-13A5279277AD}.Debug|Any CPU.Build.0 = Debug|Any CPU
		{BE8315C7-2F6E-4ECC-8E98-13A5279277AD}.Release|Any CPU.ActiveCfg = Release|Any CPU
		{BE8315C7-2F6E-4ECC-8E98-13A5279277AD}.Release|Any CPU.Build.0 = Release|Any CPU
		{A11121AA-29E1-4CA6-9B56-2222181C3679}.Debug|Any CPU.ActiveCfg = Debug|Any CPU
		{A11121AA-29E1-4CA6-9B56-2222181C3679}.Debug|Any CPU.Build.0 = Debug|Any CPU
		{A11121AA-29E1-4CA6-9B56-2222181C3679}.Release|Any CPU.ActiveCfg = Release|Any CPU
		{A11121AA-29E1-4CA6-9B56-2222181C3679}.Release|Any CPU.Build.0 = Release|Any CPU
	EndGlobalSection
	GlobalSection(SolutionProperties) = preSolution
		HideSolutionNode = FALSE
	EndGlobalSection
	GlobalSection(ExtensibilityGlobals) = postSolution
		SolutionGuid = {B5946538-706F-4A51-81EA-2390FE756E9F}
	EndGlobalSection
EndGlobal
